// !$*UTF8*$!
{
	archiveVersion = 1;
	classes = {
	};
	objectVersion = 48;
	objects = {

/* Begin PBXBuildFile section */
		120EDEBBC8BD2024440309B8 /* Pods_SWRMTests.framework in Frameworks */ = {isa = PBXBuildFile; fileRef = 8B7B0E15E434EA9281C4C07B /* Pods_SWRMTests.framework */; };
		21E03F8D6BCB15C2579EE30D /* Pods_SWRM.framework in Frameworks */ = {isa = PBXBuildFile; fileRef = D6A8E8859BA78C6896D63D9E /* Pods_SWRM.framework */; };
		B575F1691FEEE61100DCDD4E /* AppDelegate.swift in Sources */ = {isa = PBXBuildFile; fileRef = B575F1681FEEE61100DCDD4E /* AppDelegate.swift */; };
		B575F16B1FEEE61100DCDD4E /* ViewController.swift in Sources */ = {isa = PBXBuildFile; fileRef = B575F16A1FEEE61100DCDD4E /* ViewController.swift */; };
		B575F16E1FEEE61100DCDD4E /* Main.storyboard in Resources */ = {isa = PBXBuildFile; fileRef = B575F16C1FEEE61100DCDD4E /* Main.storyboard */; };
		B575F1701FEEE61100DCDD4E /* Assets.xcassets in Resources */ = {isa = PBXBuildFile; fileRef = B575F16F1FEEE61100DCDD4E /* Assets.xcassets */; };
		B575F1731FEEE61100DCDD4E /* LaunchScreen.storyboard in Resources */ = {isa = PBXBuildFile; fileRef = B575F1711FEEE61100DCDD4E /* LaunchScreen.storyboard */; };
		B575F17E1FEEE61100DCDD4E /* SWRMTests.swift in Sources */ = {isa = PBXBuildFile; fileRef = B575F17D1FEEE61100DCDD4E /* SWRMTests.swift */; };
		B575F1891FEEE61100DCDD4E /* SWRMUITests.swift in Sources */ = {isa = PBXBuildFile; fileRef = B575F1881FEEE61100DCDD4E /* SWRMUITests.swift */; };
		B5EF047D202899FF002ECF7E /* SWRMKnob.storyboard in Resources */ = {isa = PBXBuildFile; fileRef = B5EF047C202899FF002ECF7E /* SWRMKnob.storyboard */; };
		E4F2AA49258A5D1BBE18D995 /* Pods_SWRMUITests.framework in Frameworks */ = {isa = PBXBuildFile; fileRef = 708A3B5F846D6016AAB56BD5 /* Pods_SWRMUITests.framework */; };
/* End PBXBuildFile section */

/* Begin PBXContainerItemProxy section */
		B575F17A1FEEE61100DCDD4E /* PBXContainerItemProxy */ = {
			isa = PBXContainerItemProxy;
			containerPortal = B575F15D1FEEE61100DCDD4E /* Project object */;
			proxyType = 1;
			remoteGlobalIDString = B575F1641FEEE61100DCDD4E;
			remoteInfo = SWRM;
		};
		B575F1851FEEE61100DCDD4E /* PBXContainerItemProxy */ = {
			isa = PBXContainerItemProxy;
			containerPortal = B575F15D1FEEE61100DCDD4E /* Project object */;
			proxyType = 1;
			remoteGlobalIDString = B575F1641FEEE61100DCDD4E;
			remoteInfo = SWRM;
		};
/* End PBXContainerItemProxy section */

/* Begin PBXFileReference section */
		22DF059E7A2EB927ADB3865D /* Pods-SWRMTests.release.xcconfig */ = {isa = PBXFileReference; includeInIndex = 1; lastKnownFileType = text.xcconfig; name = "Pods-SWRMTests.release.xcconfig"; path = "Pods/Target Support Files/Pods-SWRMTests/Pods-SWRMTests.release.xcconfig"; sourceTree = "<group>"; };
		63B5BB72F8DD1781FCA4F24A /* Pods-SWRM.debug.xcconfig */ = {isa = PBXFileReference; includeInIndex = 1; lastKnownFileType = text.xcconfig; name = "Pods-SWRM.debug.xcconfig"; path = "Pods/Target Support Files/Pods-SWRM/Pods-SWRM.debug.xcconfig"; sourceTree = "<group>"; };
		708A3B5F846D6016AAB56BD5 /* Pods_SWRMUITests.framework */ = {isa = PBXFileReference; explicitFileType = wrapper.framework; includeInIndex = 0; path = Pods_SWRMUITests.framework; sourceTree = BUILT_PRODUCTS_DIR; };
		8B7B0E15E434EA9281C4C07B /* Pods_SWRMTests.framework */ = {isa = PBXFileReference; explicitFileType = wrapper.framework; includeInIndex = 0; path = Pods_SWRMTests.framework; sourceTree = BUILT_PRODUCTS_DIR; };
		9F77812E492D6AFB493D1C6C /* Pods-SWRMUITests.release.xcconfig */ = {isa = PBXFileReference; includeInIndex = 1; lastKnownFileType = text.xcconfig; name = "Pods-SWRMUITests.release.xcconfig"; path = "Pods/Target Support Files/Pods-SWRMUITests/Pods-SWRMUITests.release.xcconfig"; sourceTree = "<group>"; };
		A0B41B72412B23AE76E77C6A /* Pods-SWRMUITests.debug.xcconfig */ = {isa = PBXFileReference; includeInIndex = 1; lastKnownFileType = text.xcconfig; name = "Pods-SWRMUITests.debug.xcconfig"; path = "Pods/Target Support Files/Pods-SWRMUITests/Pods-SWRMUITests.debug.xcconfig"; sourceTree = "<group>"; };
		B575F1651FEEE61100DCDD4E /* SWRM.app */ = {isa = PBXFileReference; explicitFileType = wrapper.application; includeInIndex = 0; path = SWRM.app; sourceTree = BUILT_PRODUCTS_DIR; };
		B575F1681FEEE61100DCDD4E /* AppDelegate.swift */ = {isa = PBXFileReference; lastKnownFileType = sourcecode.swift; path = AppDelegate.swift; sourceTree = "<group>"; };
		B575F16A1FEEE61100DCDD4E /* ViewController.swift */ = {isa = PBXFileReference; lastKnownFileType = sourcecode.swift; path = ViewController.swift; sourceTree = "<group>"; };
		B575F16D1FEEE61100DCDD4E /* Base */ = {isa = PBXFileReference; lastKnownFileType = file.storyboard; name = Base; path = Base.lproj/Main.storyboard; sourceTree = "<group>"; };
		B575F16F1FEEE61100DCDD4E /* Assets.xcassets */ = {isa = PBXFileReference; lastKnownFileType = folder.assetcatalog; path = Assets.xcassets; sourceTree = "<group>"; };
		B575F1721FEEE61100DCDD4E /* Base */ = {isa = PBXFileReference; lastKnownFileType = file.storyboard; name = Base; path = Base.lproj/LaunchScreen.storyboard; sourceTree = "<group>"; };
		B575F1741FEEE61100DCDD4E /* Info.plist */ = {isa = PBXFileReference; lastKnownFileType = text.plist.xml; path = Info.plist; sourceTree = "<group>"; };
		B575F1791FEEE61100DCDD4E /* SWRMTests.xctest */ = {isa = PBXFileReference; explicitFileType = wrapper.cfbundle; includeInIndex = 0; path = SWRMTests.xctest; sourceTree = BUILT_PRODUCTS_DIR; };
		B575F17D1FEEE61100DCDD4E /* SWRMTests.swift */ = {isa = PBXFileReference; lastKnownFileType = sourcecode.swift; path = SWRMTests.swift; sourceTree = "<group>"; };
		B575F17F1FEEE61100DCDD4E /* Info.plist */ = {isa = PBXFileReference; lastKnownFileType = text.plist.xml; path = Info.plist; sourceTree = "<group>"; };
		B575F1841FEEE61100DCDD4E /* SWRMUITests.xctest */ = {isa = PBXFileReference; explicitFileType = wrapper.cfbundle; includeInIndex = 0; path = SWRMUITests.xctest; sourceTree = BUILT_PRODUCTS_DIR; };
		B575F1881FEEE61100DCDD4E /* SWRMUITests.swift */ = {isa = PBXFileReference; lastKnownFileType = sourcecode.swift; path = SWRMUITests.swift; sourceTree = "<group>"; };
		B575F18A1FEEE61100DCDD4E /* Info.plist */ = {isa = PBXFileReference; lastKnownFileType = text.plist.xml; path = Info.plist; sourceTree = "<group>"; };
		B5EF047C202899FF002ECF7E /* SWRMKnob.storyboard */ = {isa = PBXFileReference; lastKnownFileType = file.storyboard; name = SWRMKnob.storyboard; path = ../SWRMKnob.storyboard; sourceTree = "<group>"; };
		C14E40BB856573ABD5155279 /* Pods-SWRMTests.debug.xcconfig */ = {isa = PBXFileReference; includeInIndex = 1; lastKnownFileType = text.xcconfig; name = "Pods-SWRMTests.debug.xcconfig"; path = "Pods/Target Support Files/Pods-SWRMTests/Pods-SWRMTests.debug.xcconfig"; sourceTree = "<group>"; };
		CD47B0E2A7D4D4850FAD4F0E /* Pods-SWRM.release.xcconfig */ = {isa = PBXFileReference; includeInIndex = 1; lastKnownFileType = text.xcconfig; name = "Pods-SWRM.release.xcconfig"; path = "Pods/Target Support Files/Pods-SWRM/Pods-SWRM.release.xcconfig"; sourceTree = "<group>"; };
		D6A8E8859BA78C6896D63D9E /* Pods_SWRM.framework */ = {isa = PBXFileReference; explicitFileType = wrapper.framework; includeInIndex = 0; path = Pods_SWRM.framework; sourceTree = BUILT_PRODUCTS_DIR; };
/* End PBXFileReference section */

/* Begin PBXFrameworksBuildPhase section */
		B575F1621FEEE61100DCDD4E /* Frameworks */ = {
			isa = PBXFrameworksBuildPhase;
			buildActionMask = 2147483647;
			files = (
				21E03F8D6BCB15C2579EE30D /* Pods_SWRM.framework in Frameworks */,
			);
			runOnlyForDeploymentPostprocessing = 0;
		};
		B575F1761FEEE61100DCDD4E /* Frameworks */ = {
			isa = PBXFrameworksBuildPhase;
			buildActionMask = 2147483647;
			files = (
				120EDEBBC8BD2024440309B8 /* Pods_SWRMTests.framework in Frameworks */,
			);
			runOnlyForDeploymentPostprocessing = 0;
		};
		B575F1811FEEE61100DCDD4E /* Frameworks */ = {
			isa = PBXFrameworksBuildPhase;
			buildActionMask = 2147483647;
			files = (
				E4F2AA49258A5D1BBE18D995 /* Pods_SWRMUITests.framework in Frameworks */,
			);
			runOnlyForDeploymentPostprocessing = 0;
		};
/* End PBXFrameworksBuildPhase section */

/* Begin PBXGroup section */
		374863FE0AA8ECDA57FE2C0B /* Frameworks */ = {
			isa = PBXGroup;
			children = (
				D6A8E8859BA78C6896D63D9E /* Pods_SWRM.framework */,
				8B7B0E15E434EA9281C4C07B /* Pods_SWRMTests.framework */,
				708A3B5F846D6016AAB56BD5 /* Pods_SWRMUITests.framework */,
			);
			name = Frameworks;
			sourceTree = "<group>";
		};
		56E99BEBF00EB2C0468C9065 /* Pods */ = {
			isa = PBXGroup;
			children = (
				63B5BB72F8DD1781FCA4F24A /* Pods-SWRM.debug.xcconfig */,
				CD47B0E2A7D4D4850FAD4F0E /* Pods-SWRM.release.xcconfig */,
				C14E40BB856573ABD5155279 /* Pods-SWRMTests.debug.xcconfig */,
				22DF059E7A2EB927ADB3865D /* Pods-SWRMTests.release.xcconfig */,
				A0B41B72412B23AE76E77C6A /* Pods-SWRMUITests.debug.xcconfig */,
				9F77812E492D6AFB493D1C6C /* Pods-SWRMUITests.release.xcconfig */,
			);
			name = Pods;
			sourceTree = "<group>";
		};
		B575F15C1FEEE61100DCDD4E = {
			isa = PBXGroup;
			children = (
				B575F1671FEEE61100DCDD4E /* SWRM */,
				B575F17C1FEEE61100DCDD4E /* SWRMTests */,
				B575F1871FEEE61100DCDD4E /* SWRMUITests */,
				B575F1661FEEE61100DCDD4E /* Products */,
				56E99BEBF00EB2C0468C9065 /* Pods */,
				374863FE0AA8ECDA57FE2C0B /* Frameworks */,
			);
			sourceTree = "<group>";
		};
		B575F1661FEEE61100DCDD4E /* Products */ = {
			isa = PBXGroup;
			children = (
				B575F1651FEEE61100DCDD4E /* SWRM.app */,
				B575F1791FEEE61100DCDD4E /* SWRMTests.xctest */,
				B575F1841FEEE61100DCDD4E /* SWRMUITests.xctest */,
			);
			name = Products;
			sourceTree = "<group>";
		};
		B575F1671FEEE61100DCDD4E /* SWRM */ = {
			isa = PBXGroup;
			children = (
				B575F1681FEEE61100DCDD4E /* AppDelegate.swift */,
				B575F16A1FEEE61100DCDD4E /* ViewController.swift */,
				B575F16C1FEEE61100DCDD4E /* Main.storyboard */,
				B5EF047C202899FF002ECF7E /* SWRMKnob.storyboard */,
				B575F16F1FEEE61100DCDD4E /* Assets.xcassets */,
				B575F1711FEEE61100DCDD4E /* LaunchScreen.storyboard */,
				B575F1741FEEE61100DCDD4E /* Info.plist */,
			);
			path = SWRM;
			sourceTree = "<group>";
		};
		B575F17C1FEEE61100DCDD4E /* SWRMTests */ = {
			isa = PBXGroup;
			children = (
				B575F17D1FEEE61100DCDD4E /* SWRMTests.swift */,
				B575F17F1FEEE61100DCDD4E /* Info.plist */,
			);
			path = SWRMTests;
			sourceTree = "<group>";
		};
		B575F1871FEEE61100DCDD4E /* SWRMUITests */ = {
			isa = PBXGroup;
			children = (
				B575F1881FEEE61100DCDD4E /* SWRMUITests.swift */,
				B575F18A1FEEE61100DCDD4E /* Info.plist */,
			);
			path = SWRMUITests;
			sourceTree = "<group>";
		};
/* End PBXGroup section */

/* Begin PBXNativeTarget section */
		B575F1641FEEE61100DCDD4E /* SWRM */ = {
			isa = PBXNativeTarget;
			buildConfigurationList = B575F18D1FEEE61100DCDD4E /* Build configuration list for PBXNativeTarget "SWRM" */;
			buildPhases = (
				9FC774DD092726D49B29C4EE /* [CP] Check Pods Manifest.lock */,
				B575F1611FEEE61100DCDD4E /* Sources */,
				B575F1621FEEE61100DCDD4E /* Frameworks */,
				B575F1631FEEE61100DCDD4E /* Resources */,
				D76FB35334A9F0344F92D44D /* [CP] Embed Pods Frameworks */,
				80D543B95F727C0187D4DD29 /* [CP] Copy Pods Resources */,
			);
			buildRules = (
			);
			dependencies = (
			);
			name = SWRM;
			productName = SWRM;
			productReference = B575F1651FEEE61100DCDD4E /* SWRM.app */;
			productType = "com.apple.product-type.application";
		};
		B575F1781FEEE61100DCDD4E /* SWRMTests */ = {
			isa = PBXNativeTarget;
			buildConfigurationList = B575F1901FEEE61100DCDD4E /* Build configuration list for PBXNativeTarget "SWRMTests" */;
			buildPhases = (
				C2672AB19F4D0FBF9DCF329D /* [CP] Check Pods Manifest.lock */,
				B575F1751FEEE61100DCDD4E /* Sources */,
				B575F1761FEEE61100DCDD4E /* Frameworks */,
				B575F1771FEEE61100DCDD4E /* Resources */,
				649FF8FC5B7DD6B49D7E45A8 /* [CP] Embed Pods Frameworks */,
				C0263DAE1450BB3D0B3C5CFB /* [CP] Copy Pods Resources */,
			);
			buildRules = (
			);
			dependencies = (
				B575F17B1FEEE61100DCDD4E /* PBXTargetDependency */,
			);
			name = SWRMTests;
			productName = SWRMTests;
			productReference = B575F1791FEEE61100DCDD4E /* SWRMTests.xctest */;
			productType = "com.apple.product-type.bundle.unit-test";
		};
		B575F1831FEEE61100DCDD4E /* SWRMUITests */ = {
			isa = PBXNativeTarget;
			buildConfigurationList = B575F1931FEEE61100DCDD4E /* Build configuration list for PBXNativeTarget "SWRMUITests" */;
			buildPhases = (
				D7E6E15EEE51A466C7851805 /* [CP] Check Pods Manifest.lock */,
				B575F1801FEEE61100DCDD4E /* Sources */,
				B575F1811FEEE61100DCDD4E /* Frameworks */,
				B575F1821FEEE61100DCDD4E /* Resources */,
				909823949463108977312AC9 /* [CP] Embed Pods Frameworks */,
				386F982DAFB66AFC4D686AF0 /* [CP] Copy Pods Resources */,
			);
			buildRules = (
			);
			dependencies = (
				B575F1861FEEE61100DCDD4E /* PBXTargetDependency */,
			);
			name = SWRMUITests;
			productName = SWRMUITests;
			productReference = B575F1841FEEE61100DCDD4E /* SWRMUITests.xctest */;
			productType = "com.apple.product-type.bundle.ui-testing";
		};
/* End PBXNativeTarget section */

/* Begin PBXProject section */
		B575F15D1FEEE61100DCDD4E /* Project object */ = {
			isa = PBXProject;
			attributes = {
				LastSwiftUpdateCheck = 0900;
				LastUpgradeCheck = 0900;
				ORGANIZATIONNAME = "Constellation Software";
				TargetAttributes = {
					B575F1641FEEE61100DCDD4E = {
						CreatedOnToolsVersion = 9.0;
						ProvisioningStyle = Automatic;
					};
					B575F1781FEEE61100DCDD4E = {
						CreatedOnToolsVersion = 9.0;
						ProvisioningStyle = Automatic;
						TestTargetID = B575F1641FEEE61100DCDD4E;
					};
					B575F1831FEEE61100DCDD4E = {
						CreatedOnToolsVersion = 9.0;
						ProvisioningStyle = Automatic;
						TestTargetID = B575F1641FEEE61100DCDD4E;
					};
				};
			};
			buildConfigurationList = B575F1601FEEE61100DCDD4E /* Build configuration list for PBXProject "SWRM" */;
			compatibilityVersion = "Xcode 8.0";
			developmentRegion = en;
			hasScannedForEncodings = 0;
			knownRegions = (
				en,
				Base,
			);
			mainGroup = B575F15C1FEEE61100DCDD4E;
			productRefGroup = B575F1661FEEE61100DCDD4E /* Products */;
			projectDirPath = "";
			projectRoot = "";
			targets = (
				B575F1641FEEE61100DCDD4E /* SWRM */,
				B575F1781FEEE61100DCDD4E /* SWRMTests */,
				B575F1831FEEE61100DCDD4E /* SWRMUITests */,
			);
		};
/* End PBXProject section */

/* Begin PBXResourcesBuildPhase section */
		B575F1631FEEE61100DCDD4E /* Resources */ = {
			isa = PBXResourcesBuildPhase;
			buildActionMask = 2147483647;
			files = (
				B575F1731FEEE61100DCDD4E /* LaunchScreen.storyboard in Resources */,
				B575F1701FEEE61100DCDD4E /* Assets.xcassets in Resources */,
				B5EF047D202899FF002ECF7E /* SWRMKnob.storyboard in Resources */,
				B575F16E1FEEE61100DCDD4E /* Main.storyboard in Resources */,
			);
			runOnlyForDeploymentPostprocessing = 0;
		};
		B575F1771FEEE61100DCDD4E /* Resources */ = {
			isa = PBXResourcesBuildPhase;
			buildActionMask = 2147483647;
			files = (
			);
			runOnlyForDeploymentPostprocessing = 0;
		};
		B575F1821FEEE61100DCDD4E /* Resources */ = {
			isa = PBXResourcesBuildPhase;
			buildActionMask = 2147483647;
			files = (
			);
			runOnlyForDeploymentPostprocessing = 0;
		};
/* End PBXResourcesBuildPhase section */

/* Begin PBXShellScriptBuildPhase section */
		386F982DAFB66AFC4D686AF0 /* [CP] Copy Pods Resources */ = {
			isa = PBXShellScriptBuildPhase;
			buildActionMask = 2147483647;
			files = (
			);
			inputPaths = (
			);
			name = "[CP] Copy Pods Resources";
			outputPaths = (
			);
			runOnlyForDeploymentPostprocessing = 0;
			shellPath = /bin/sh;
			shellScript = "\"${SRCROOT}/Pods/Target Support Files/Pods-SWRMUITests/Pods-SWRMUITests-resources.sh\"\n";
			showEnvVarsInLog = 0;
		};
		649FF8FC5B7DD6B49D7E45A8 /* [CP] Embed Pods Frameworks */ = {
			isa = PBXShellScriptBuildPhase;
			buildActionMask = 2147483647;
			files = (
			);
			inputPaths = (
			);
			name = "[CP] Embed Pods Frameworks";
			outputPaths = (
			);
			runOnlyForDeploymentPostprocessing = 0;
			shellPath = /bin/sh;
			shellScript = "\"${SRCROOT}/Pods/Target Support Files/Pods-SWRMTests/Pods-SWRMTests-frameworks.sh\"\n";
			showEnvVarsInLog = 0;
		};
		80D543B95F727C0187D4DD29 /* [CP] Copy Pods Resources */ = {
			isa = PBXShellScriptBuildPhase;
			buildActionMask = 2147483647;
			files = (
			);
			inputPaths = (
			);
			name = "[CP] Copy Pods Resources";
			outputPaths = (
			);
			runOnlyForDeploymentPostprocessing = 0;
			shellPath = /bin/sh;
			shellScript = "\"${SRCROOT}/Pods/Target Support Files/Pods-SWRM/Pods-SWRM-resources.sh\"\n";
			showEnvVarsInLog = 0;
		};
		909823949463108977312AC9 /* [CP] Embed Pods Frameworks */ = {
			isa = PBXShellScriptBuildPhase;
			buildActionMask = 2147483647;
			files = (
			);
			inputPaths = (
			);
			name = "[CP] Embed Pods Frameworks";
			outputPaths = (
			);
			runOnlyForDeploymentPostprocessing = 0;
			shellPath = /bin/sh;
			shellScript = "\"${SRCROOT}/Pods/Target Support Files/Pods-SWRMUITests/Pods-SWRMUITests-frameworks.sh\"\n";
			showEnvVarsInLog = 0;
		};
		9FC774DD092726D49B29C4EE /* [CP] Check Pods Manifest.lock */ = {
			isa = PBXShellScriptBuildPhase;
			buildActionMask = 2147483647;
			files = (
			);
			inputPaths = (
				"${PODS_PODFILE_DIR_PATH}/Podfile.lock",
				"${PODS_ROOT}/Manifest.lock",
			);
			name = "[CP] Check Pods Manifest.lock";
			outputPaths = (
				"$(DERIVED_FILE_DIR)/Pods-SWRM-checkManifestLockResult.txt",
			);
			runOnlyForDeploymentPostprocessing = 0;
			shellPath = /bin/sh;
			shellScript = "diff \"${PODS_PODFILE_DIR_PATH}/Podfile.lock\" \"${PODS_ROOT}/Manifest.lock\" > /dev/null\nif [ $? != 0 ] ; then\n    # print error to STDERR\n    echo \"error: The sandbox is not in sync with the Podfile.lock. Run 'pod install' or update your CocoaPods installation.\" >&2\n    exit 1\nfi\n# This output is used by Xcode 'outputs' to avoid re-running this script phase.\necho \"SUCCESS\" > \"${SCRIPT_OUTPUT_FILE_0}\"\n";
			showEnvVarsInLog = 0;
		};
		C0263DAE1450BB3D0B3C5CFB /* [CP] Copy Pods Resources */ = {
			isa = PBXShellScriptBuildPhase;
			buildActionMask = 2147483647;
			files = (
			);
			inputPaths = (
			);
			name = "[CP] Copy Pods Resources";
			outputPaths = (
			);
			runOnlyForDeploymentPostprocessing = 0;
			shellPath = /bin/sh;
			shellScript = "\"${SRCROOT}/Pods/Target Support Files/Pods-SWRMTests/Pods-SWRMTests-resources.sh\"\n";
			showEnvVarsInLog = 0;
		};
		C2672AB19F4D0FBF9DCF329D /* [CP] Check Pods Manifest.lock */ = {
			isa = PBXShellScriptBuildPhase;
			buildActionMask = 2147483647;
			files = (
			);
			inputPaths = (
				"${PODS_PODFILE_DIR_PATH}/Podfile.lock",
				"${PODS_ROOT}/Manifest.lock",
			);
			name = "[CP] Check Pods Manifest.lock";
			outputPaths = (
				"$(DERIVED_FILE_DIR)/Pods-SWRMTests-checkManifestLockResult.txt",
			);
			runOnlyForDeploymentPostprocessing = 0;
			shellPath = /bin/sh;
			shellScript = "diff \"${PODS_PODFILE_DIR_PATH}/Podfile.lock\" \"${PODS_ROOT}/Manifest.lock\" > /dev/null\nif [ $? != 0 ] ; then\n    # print error to STDERR\n    echo \"error: The sandbox is not in sync with the Podfile.lock. Run 'pod install' or update your CocoaPods installation.\" >&2\n    exit 1\nfi\n# This output is used by Xcode 'outputs' to avoid re-running this script phase.\necho \"SUCCESS\" > \"${SCRIPT_OUTPUT_FILE_0}\"\n";
			showEnvVarsInLog = 0;
		};
		D76FB35334A9F0344F92D44D /* [CP] Embed Pods Frameworks */ = {
			isa = PBXShellScriptBuildPhase;
			buildActionMask = 2147483647;
			files = (
			);
			inputPaths = (
				"${SRCROOT}/Pods/Target Support Files/Pods-SWRM/Pods-SWRM-frameworks.sh",
				"${PODS_ROOT}/AudioKit/iOS/AudioKit.framework",
				"${PODS_ROOT}/AudioKit/iOS/AudioKitUI.framework",
			);
			name = "[CP] Embed Pods Frameworks";
			outputPaths = (
				"${TARGET_BUILD_DIR}/${FRAMEWORKS_FOLDER_PATH}/AudioKit.framework",
				"${TARGET_BUILD_DIR}/${FRAMEWORKS_FOLDER_PATH}/AudioKitUI.framework",
			);
			runOnlyForDeploymentPostprocessing = 0;
			shellPath = /bin/sh;
			shellScript = "\"${SRCROOT}/Pods/Target Support Files/Pods-SWRM/Pods-SWRM-frameworks.sh\"\n";
			showEnvVarsInLog = 0;
		};
		D7E6E15EEE51A466C7851805 /* [CP] Check Pods Manifest.lock */ = {
			isa = PBXShellScriptBuildPhase;
			buildActionMask = 2147483647;
			files = (
			);
			inputPaths = (
				"${PODS_PODFILE_DIR_PATH}/Podfile.lock",
				"${PODS_ROOT}/Manifest.lock",
			);
			name = "[CP] Check Pods Manifest.lock";
			outputPaths = (
				"$(DERIVED_FILE_DIR)/Pods-SWRMUITests-checkManifestLockResult.txt",
			);
			runOnlyForDeploymentPostprocessing = 0;
			shellPath = /bin/sh;
			shellScript = "diff \"${PODS_PODFILE_DIR_PATH}/Podfile.lock\" \"${PODS_ROOT}/Manifest.lock\" > /dev/null\nif [ $? != 0 ] ; then\n    # print error to STDERR\n    echo \"error: The sandbox is not in sync with the Podfile.lock. Run 'pod install' or update your CocoaPods installation.\" >&2\n    exit 1\nfi\n# This output is used by Xcode 'outputs' to avoid re-running this script phase.\necho \"SUCCESS\" > \"${SCRIPT_OUTPUT_FILE_0}\"\n";
			showEnvVarsInLog = 0;
		};
/* End PBXShellScriptBuildPhase section */

/* Begin PBXSourcesBuildPhase section */
		B575F1611FEEE61100DCDD4E /* Sources */ = {
			isa = PBXSourcesBuildPhase;
			buildActionMask = 2147483647;
			files = (
				B575F16B1FEEE61100DCDD4E /* ViewController.swift in Sources */,
				B575F1691FEEE61100DCDD4E /* AppDelegate.swift in Sources */,
			);
			runOnlyForDeploymentPostprocessing = 0;
		};
		B575F1751FEEE61100DCDD4E /* Sources */ = {
			isa = PBXSourcesBuildPhase;
			buildActionMask = 2147483647;
			files = (
				B575F17E1FEEE61100DCDD4E /* SWRMTests.swift in Sources */,
			);
			runOnlyForDeploymentPostprocessing = 0;
		};
		B575F1801FEEE61100DCDD4E /* Sources */ = {
			isa = PBXSourcesBuildPhase;
			buildActionMask = 2147483647;
			files = (
				B575F1891FEEE61100DCDD4E /* SWRMUITests.swift in Sources */,
			);
			runOnlyForDeploymentPostprocessing = 0;
		};
/* End PBXSourcesBuildPhase section */

/* Begin PBXTargetDependency section */
		B575F17B1FEEE61100DCDD4E /* PBXTargetDependency */ = {
			isa = PBXTargetDependency;
			target = B575F1641FEEE61100DCDD4E /* SWRM */;
			targetProxy = B575F17A1FEEE61100DCDD4E /* PBXContainerItemProxy */;
		};
		B575F1861FEEE61100DCDD4E /* PBXTargetDependency */ = {
			isa = PBXTargetDependency;
			target = B575F1641FEEE61100DCDD4E /* SWRM */;
			targetProxy = B575F1851FEEE61100DCDD4E /* PBXContainerItemProxy */;
		};
/* End PBXTargetDependency section */

/* Begin PBXVariantGroup section */
		B575F16C1FEEE61100DCDD4E /* Main.storyboard */ = {
			isa = PBXVariantGroup;
			children = (
				B575F16D1FEEE61100DCDD4E /* Base */,
			);
			name = Main.storyboard;
			sourceTree = "<group>";
		};
		B575F1711FEEE61100DCDD4E /* LaunchScreen.storyboard */ = {
			isa = PBXVariantGroup;
			children = (
				B575F1721FEEE61100DCDD4E /* Base */,
			);
			name = LaunchScreen.storyboard;
			sourceTree = "<group>";
		};
/* End PBXVariantGroup section */

/* Begin XCBuildConfiguration section */
		B575F18B1FEEE61100DCDD4E /* Debug */ = {
			isa = XCBuildConfiguration;
			buildSettings = {
				ALWAYS_SEARCH_USER_PATHS = NO;
				CLANG_ANALYZER_NONNULL = YES;
				CLANG_ANALYZER_NUMBER_OBJECT_CONVERSION = YES_AGGRESSIVE;
				CLANG_CXX_LANGUAGE_STANDARD = "gnu++14";
				CLANG_CXX_LIBRARY = "libc++";
				CLANG_ENABLE_MODULES = YES;
				CLANG_ENABLE_OBJC_ARC = YES;
				CLANG_WARN_BLOCK_CAPTURE_AUTORELEASING = YES;
				CLANG_WARN_BOOL_CONVERSION = YES;
				CLANG_WARN_COMMA = YES;
				CLANG_WARN_CONSTANT_CONVERSION = YES;
				CLANG_WARN_DIRECT_OBJC_ISA_USAGE = YES_ERROR;
				CLANG_WARN_DOCUMENTATION_COMMENTS = YES;
				CLANG_WARN_EMPTY_BODY = YES;
				CLANG_WARN_ENUM_CONVERSION = YES;
				CLANG_WARN_INFINITE_RECURSION = YES;
				CLANG_WARN_INT_CONVERSION = YES;
				CLANG_WARN_NON_LITERAL_NULL_CONVERSION = YES;
				CLANG_WARN_OBJC_LITERAL_CONVERSION = YES;
				CLANG_WARN_OBJC_ROOT_CLASS = YES_ERROR;
				CLANG_WARN_RANGE_LOOP_ANALYSIS = YES;
				CLANG_WARN_STRICT_PROTOTYPES = YES;
				CLANG_WARN_SUSPICIOUS_MOVE = YES;
				CLANG_WARN_UNGUARDED_AVAILABILITY = YES_AGGRESSIVE;
				CLANG_WARN_UNREACHABLE_CODE = YES;
				CLANG_WARN__DUPLICATE_METHOD_MATCH = YES;
				CODE_SIGN_IDENTITY = "iPhone Developer";
				COPY_PHASE_STRIP = NO;
				DEBUG_INFORMATION_FORMAT = dwarf;
				ENABLE_STRICT_OBJC_MSGSEND = YES;
				ENABLE_TESTABILITY = YES;
				GCC_C_LANGUAGE_STANDARD = gnu11;
				GCC_DYNAMIC_NO_PIC = NO;
				GCC_NO_COMMON_BLOCKS = YES;
				GCC_OPTIMIZATION_LEVEL = 0;
				GCC_PREPROCESSOR_DEFINITIONS = (
					"DEBUG=1",
					"$(inherited)",
				);
				GCC_WARN_64_TO_32_BIT_CONVERSION = YES;
				GCC_WARN_ABOUT_RETURN_TYPE = YES_ERROR;
				GCC_WARN_UNDECLARED_SELECTOR = YES;
				GCC_WARN_UNINITIALIZED_AUTOS = YES_AGGRESSIVE;
				GCC_WARN_UNUSED_FUNCTION = YES;
				GCC_WARN_UNUSED_VARIABLE = YES;
				IPHONEOS_DEPLOYMENT_TARGET = 11.0;
				MTL_ENABLE_DEBUG_INFO = YES;
				ONLY_ACTIVE_ARCH = YES;
				SDKROOT = iphoneos;
				SWIFT_ACTIVE_COMPILATION_CONDITIONS = DEBUG;
				SWIFT_OPTIMIZATION_LEVEL = "-Onone";
			};
			name = Debug;
		};
		B575F18C1FEEE61100DCDD4E /* Release */ = {
			isa = XCBuildConfiguration;
			buildSettings = {
				ALWAYS_SEARCH_USER_PATHS = NO;
				CLANG_ANALYZER_NONNULL = YES;
				CLANG_ANALYZER_NUMBER_OBJECT_CONVERSION = YES_AGGRESSIVE;
				CLANG_CXX_LANGUAGE_STANDARD = "gnu++14";
				CLANG_CXX_LIBRARY = "libc++";
				CLANG_ENABLE_MODULES = YES;
				CLANG_ENABLE_OBJC_ARC = YES;
				CLANG_WARN_BLOCK_CAPTURE_AUTORELEASING = YES;
				CLANG_WARN_BOOL_CONVERSION = YES;
				CLANG_WARN_COMMA = YES;
				CLANG_WARN_CONSTANT_CONVERSION = YES;
				CLANG_WARN_DIRECT_OBJC_ISA_USAGE = YES_ERROR;
				CLANG_WARN_DOCUMENTATION_COMMENTS = YES;
				CLANG_WARN_EMPTY_BODY = YES;
				CLANG_WARN_ENUM_CONVERSION = YES;
				CLANG_WARN_INFINITE_RECURSION = YES;
				CLANG_WARN_INT_CONVERSION = YES;
				CLANG_WARN_NON_LITERAL_NULL_CONVERSION = YES;
				CLANG_WARN_OBJC_LITERAL_CONVERSION = YES;
				CLANG_WARN_OBJC_ROOT_CLASS = YES_ERROR;
				CLANG_WARN_RANGE_LOOP_ANALYSIS = YES;
				CLANG_WARN_STRICT_PROTOTYPES = YES;
				CLANG_WARN_SUSPICIOUS_MOVE = YES;
				CLANG_WARN_UNGUARDED_AVAILABILITY = YES_AGGRESSIVE;
				CLANG_WARN_UNREACHABLE_CODE = YES;
				CLANG_WARN__DUPLICATE_METHOD_MATCH = YES;
				CODE_SIGN_IDENTITY = "iPhone Developer";
				COPY_PHASE_STRIP = NO;
				DEBUG_INFORMATION_FORMAT = "dwarf-with-dsym";
				ENABLE_NS_ASSERTIONS = NO;
				ENABLE_STRICT_OBJC_MSGSEND = YES;
				GCC_C_LANGUAGE_STANDARD = gnu11;
				GCC_NO_COMMON_BLOCKS = YES;
				GCC_WARN_64_TO_32_BIT_CONVERSION = YES;
				GCC_WARN_ABOUT_RETURN_TYPE = YES_ERROR;
				GCC_WARN_UNDECLARED_SELECTOR = YES;
				GCC_WARN_UNINITIALIZED_AUTOS = YES_AGGRESSIVE;
				GCC_WARN_UNUSED_FUNCTION = YES;
				GCC_WARN_UNUSED_VARIABLE = YES;
				IPHONEOS_DEPLOYMENT_TARGET = 11.0;
				MTL_ENABLE_DEBUG_INFO = NO;
				SDKROOT = iphoneos;
				SWIFT_OPTIMIZATION_LEVEL = "-Owholemodule";
				VALIDATE_PRODUCT = YES;
			};
			name = Release;
		};
		B575F18E1FEEE61100DCDD4E /* Debug */ = {
			isa = XCBuildConfiguration;
			baseConfigurationReference = 63B5BB72F8DD1781FCA4F24A /* Pods-SWRM.debug.xcconfig */;
			buildSettings = {
				ASSETCATALOG_COMPILER_APPICON_NAME = AppIcon;
				CODE_SIGN_STYLE = Automatic;
				DEVELOPMENT_TEAM = 97JRRX372K;
				INFOPLIST_FILE = SWRM/Info.plist;
				LD_RUNPATH_SEARCH_PATHS = "$(inherited) @executable_path/Frameworks";
				PRODUCT_BUNDLE_IDENTIFIER = Constellation.SWRM;
				PRODUCT_NAME = "$(TARGET_NAME)";
				SWIFT_VERSION = 4.0;
				TARGETED_DEVICE_FAMILY = "1,2";
			};
			name = Debug;
		};
		B575F18F1FEEE61100DCDD4E /* Release */ = {
			isa = XCBuildConfiguration;
			baseConfigurationReference = CD47B0E2A7D4D4850FAD4F0E /* Pods-SWRM.release.xcconfig */;
			buildSettings = {
				ASSETCATALOG_COMPILER_APPICON_NAME = AppIcon;
				CODE_SIGN_STYLE = Automatic;
				DEVELOPMENT_TEAM = 97JRRX372K;
				INFOPLIST_FILE = SWRM/Info.plist;
				LD_RUNPATH_SEARCH_PATHS = "$(inherited) @executable_path/Frameworks";
				PRODUCT_BUNDLE_IDENTIFIER = Constellation.SWRM;
				PRODUCT_NAME = "$(TARGET_NAME)";
				SWIFT_VERSION = 4.0;
				TARGETED_DEVICE_FAMILY = "1,2";
			};
			name = Release;
		};
		B575F1911FEEE61100DCDD4E /* Debug */ = {
			isa = XCBuildConfiguration;
			baseConfigurationReference = C14E40BB856573ABD5155279 /* Pods-SWRMTests.debug.xcconfig */;
			buildSettings = {
				ALWAYS_EMBED_SWIFT_STANDARD_LIBRARIES = YES;
				BUNDLE_LOADER = "$(TEST_HOST)";
				CODE_SIGN_STYLE = Automatic;
				DEVELOPMENT_TEAM = 97JRRX372K;
				INFOPLIST_FILE = SWRMTests/Info.plist;
				LD_RUNPATH_SEARCH_PATHS = "$(inherited) @executable_path/Frameworks @loader_path/Frameworks";
				PRODUCT_BUNDLE_IDENTIFIER = Constellation.SWRMTests;
				PRODUCT_NAME = "$(TARGET_NAME)";
				SWIFT_VERSION = 4.0;
				TARGETED_DEVICE_FAMILY = "1,2";
				TEST_HOST = "$(BUILT_PRODUCTS_DIR)/SWRM.app/SWRM";
			};
			name = Debug;
		};
		B575F1921FEEE61100DCDD4E /* Release */ = {
			isa = XCBuildConfiguration;
			baseConfigurationReference = 22DF059E7A2EB927ADB3865D /* Pods-SWRMTests.release.xcconfig */;
			buildSettings = {
				ALWAYS_EMBED_SWIFT_STANDARD_LIBRARIES = YES;
				BUNDLE_LOADER = "$(TEST_HOST)";
				CODE_SIGN_STYLE = Automatic;
				DEVELOPMENT_TEAM = 97JRRX372K;
				INFOPLIST_FILE = SWRMTests/Info.plist;
				LD_RUNPATH_SEARCH_PATHS = "$(inherited) @executable_path/Frameworks @loader_path/Frameworks";
				PRODUCT_BUNDLE_IDENTIFIER = Constellation.SWRMTests;
				PRODUCT_NAME = "$(TARGET_NAME)";
				SWIFT_VERSION = 4.0;
				TARGETED_DEVICE_FAMILY = "1,2";
				TEST_HOST = "$(BUILT_PRODUCTS_DIR)/SWRM.app/SWRM";
			};
			name = Release;
		};
		B575F1941FEEE61100DCDD4E /* Debug */ = {
			isa = XCBuildConfiguration;
			baseConfigurationReference = A0B41B72412B23AE76E77C6A /* Pods-SWRMUITests.debug.xcconfig */;
			buildSettings = {
				ALWAYS_EMBED_SWIFT_STANDARD_LIBRARIES = YES;
				CODE_SIGN_STYLE = Automatic;
				DEVELOPMENT_TEAM = 97JRRX372K;
				INFOPLIST_FILE = SWRMUITests/Info.plist;
				LD_RUNPATH_SEARCH_PATHS = "$(inherited) @executable_path/Frameworks @loader_path/Frameworks";
				PRODUCT_BUNDLE_IDENTIFIER = Constellation.SWRMUITests;
				PRODUCT_NAME = "$(TARGET_NAME)";
				SWIFT_VERSION = 4.0;
				TARGETED_DEVICE_FAMILY = "1,2";
				TEST_TARGET_NAME = SWRM;
			};
			name = Debug;
		};
		B575F1951FEEE61100DCDD4E /* Release */ = {
			isa = XCBuildConfiguration;
			baseConfigurationReference = 9F77812E492D6AFB493D1C6C /* Pods-SWRMUITests.release.xcconfig */;
			buildSettings = {
				ALWAYS_EMBED_SWIFT_STANDARD_LIBRARIES = YES;
				CODE_SIGN_STYLE = Automatic;
				DEVELOPMENT_TEAM = 97JRRX372K;
				INFOPLIST_FILE = SWRMUITests/Info.plist;
				LD_RUNPATH_SEARCH_PATHS = "$(inherited) @executable_path/Frameworks @loader_path/Frameworks";
				PRODUCT_BUNDLE_IDENTIFIER = Constellation.SWRMUITests;
				PRODUCT_NAME = "$(TARGET_NAME)";
				SWIFT_VERSION = 4.0;
				TARGETED_DEVICE_FAMILY = "1,2";
				TEST_TARGET_NAME = SWRM;
			};
			name = Release;
		};
/* End XCBuildConfiguration section */

/* Begin XCConfigurationList section */
		B575F1601FEEE61100DCDD4E /* Build configuration list for PBXProject "SWRM" */ = {
			isa = XCConfigurationList;
			buildConfigurations = (
				B575F18B1FEEE61100DCDD4E /* Debug */,
				B575F18C1FEEE61100DCDD4E /* Release */,
			);
			defaultConfigurationIsVisible = 0;
			defaultConfigurationName = Release;
		};
		B575F18D1FEEE61100DCDD4E /* Build configuration list for PBXNativeTarget "SWRM" */ = {
			isa = XCConfigurationList;
			buildConfigurations = (
				B575F18E1FEEE61100DCDD4E /* Debug */,
				B575F18F1FEEE61100DCDD4E /* Release */,
			);
			defaultConfigurationIsVisible = 0;
			defaultConfigurationName = Release;
		};
		B575F1901FEEE61100DCDD4E /* Build configuration list for PBXNativeTarget "SWRMTests" */ = {
			isa = XCConfigurationList;
			buildConfigurations = (
				B575F1911FEEE61100DCDD4E /* Debug */,
				B575F1921FEEE61100DCDD4E /* Release */,
			);
			defaultConfigurationIsVisible = 0;
			defaultConfigurationName = Release;
		};
		B575F1931FEEE61100DCDD4E /* Build configuration list for PBXNativeTarget "SWRMUITests" */ = {
			isa = XCConfigurationList;
			buildConfigurations = (
				B575F1941FEEE61100DCDD4E /* Debug */,
				B575F1951FEEE61100DCDD4E /* Release */,
			);
			defaultConfigurationIsVisible = 0;
			defaultConfigurationName = Release;
		};
/* End XCConfigurationList section */
	};
	rootObject = B575F15D1FEEE61100DCDD4E /* Project object */;
}
